
Microsoft Visual Studio Solution File, Format Version 12.00
# Visual Studio Version 17
VisualStudioVersion = 17.5.33424.131
MinimumVisualStudioVersion = 10.0.40219.1
Project("{FAE04EC0-301F-11D3-BF4B-00C04F79EFBC}") = "System_2", "System_2\System_2.csproj", "{18C3A2F9-930F-484C-B98B-3DCB536AC48C}"
EndProject
Global
	GlobalSection(SolutionConfigurationPlatforms) = preSolution
		Debug|Any CPU = Debug|Any CPU
		Release|Any CPU = Release|Any CPU
	EndGlobalSection
	GlobalSection(ProjectConfigurationPlatforms) = postSolution
		{18C3A2F9-930F-484C-B98B-3DCB536AC48C}.Debug|Any CPU.ActiveCfg = Debug|Any CPU
		{18C3A2F9-930F-484C-B98B-3DCB536AC48C}.Debug|Any CPU.Build.0 = Debug|Any CPU
		{18C3A2F9-930F-484C-B98B-3DCB536AC48C}.Release|Any CPU.ActiveCfg = Release|Any CPU
		{18C3A2F9-930F-484C-B98B-3DCB536AC48C}.Release|Any CPU.Build.0 = Release|Any CPU
	EndGlobalSection
	GlobalSection(SolutionProperties) = preSolution
		HideSolutionNode = FALSE
	EndGlobalSection
	GlobalSection(ExtensibilityGlobals) = postSolution
		SolutionGuid = {BC22E922-E40C-4FD7-A91B-A131D042D01F}
	EndGlobalSection
EndGlobal
